# This file is automatically @generated by Cargo.
# It is not intended for manual editing.
version = 4

[[package]]
name = "polite-check"
version = "0.1.0"
dependencies = [
 "polite-diag",
 "polite-syntax",
 "polite-vocab",
]

[[package]]
name = "polite-cli"
version = "0.1.0"
dependencies = [
 "polite-check",
 "polite-diag",
 "polite-ir",
 "polite-js",
 "polite-run",
 "polite-std",
 "polite-syntax",
 "polite-vocab",
]

[[package]]
name = "polite-diag"
version = "0.1.0"

[[package]]
name = "polite-ir"
version = "0.1.0"
dependencies = [
 "polite-check",
 "polite-diag",
 "polite-syntax",
 "polite-vocab",
]

[[package]]
name = "polite-js"
version = "0.1.0"
dependencies = [
 "polite-diag",
 "polite-ir",
]

[[package]]
name = "polite-run"
version = "0.1.0"
dependencies = [
 "polite-diag",
 "polite-ir",
 "polite-std",
]

[[package]]
name = "polite-std"
version = "0.1.0"
dependencies = [
 "polite-diag",
]

[[package]]
name = "polite-syntax"
version = "0.1.0"
dependencies = [
 "polite-diag",
 "polite-vocab",
]

[[package]]
name = "polite-vocab"
version = "0.1.0"
dependencies = [
 "polite-diag",
]
